// !$*UTF8*$!
{
	archiveVersion = 1;
	classes = {
	};
	objectVersion = 56;
	objects = {

/* Begin PBXBuildFile section */
		8E2FC0352C970B8200074366 /* ExtendedTest.cpp in Sources */ = {isa = PBXBuildFile; fileRef = 8E2FC02B2C970B8200074366 /* ExtendedTest.cpp */; };
		8E2FC0372C970B8200074366 /* ShortTest.cpp in Sources */ = {isa = PBXBuildFile; fileRef = 8E2FC02E2C970B8200074366 /* ShortTest.cpp */; };
		8E2FC0382C970B8200074366 /* SortedBagIterator.cpp in Sources */ = {isa = PBXBuildFile; fileRef = 8E2FC0312C970B8200074366 /* SortedBagIterator.cpp */; };
		8E2FC0392C970B8200074366 /* SortedBag.cpp in Sources */ = {isa = PBXBuildFile; fileRef = 8E2FC0332C970B8200074366 /* SortedBag.cpp */; };
		8E2FC03A2C970B8200074366 /* App.cpp in Sources */ = {isa = PBXBuildFile; fileRef = 8E2FC0342C970B8200074366 /* App.cpp */; };
		8E2FC03C2C974D5B00074366 /* temp.cpp in Sources */ = {isa = PBXBuildFile; fileRef = 8E2FC03B2C974D5B00074366 /* temp.cpp */; };
/* End PBXBuildFile section */

/* Begin PBXCopyFilesBuildPhase section */
		8E2FC01F2C970B5500074366 /* CopyFiles */ = {
			isa = PBXCopyFilesBuildPhase;
			buildActionMask = 2147483647;
			dstPath = /usr/share/man/man1/;
			dstSubfolderSpec = 0;
			files = (
			);
			runOnlyForDeploymentPostprocessing = 1;
		};
/* End PBXCopyFilesBuildPhase section */

/* Begin PBXFileReference section */
		8E2FC0212C970B5500074366 /* Lab2-SortedBag-SLL */ = {isa = PBXFileReference; explicitFileType = "compiled.mach-o.executable"; includeInIndex = 0; path = "Lab2-SortedBag-SLL"; sourceTree = BUILT_PRODUCTS_DIR; };
		8E2FC02B2C970B8200074366 /* ExtendedTest.cpp */ = {isa = PBXFileReference; fileEncoding = 4; lastKnownFileType = sourcecode.cpp.cpp; path = ExtendedTest.cpp; sourceTree = "<group>"; };
		8E2FC02D2C970B8200074366 /* ShortTest.h */ = {isa = PBXFileReference; fileEncoding = 4; lastKnownFileType = sourcecode.c.h; path = ShortTest.h; sourceTree = "<group>"; };
		8E2FC02E2C970B8200074366 /* ShortTest.cpp */ = {isa = PBXFileReference; fileEncoding = 4; lastKnownFileType = sourcecode.cpp.cpp; path = ShortTest.cpp; sourceTree = "<group>"; };
		8E2FC02F2C970B8200074366 /* SortedBagIterator.h */ = {isa = PBXFileReference; fileEncoding = 4; lastKnownFileType = sourcecode.c.h; path = SortedBagIterator.h; sourceTree = "<group>"; };
		8E2FC0302C970B8200074366 /* SortedBag.h */ = {isa = PBXFileReference; fileEncoding = 4; lastKnownFileType = sourcecode.c.h; path = SortedBag.h; sourceTree = "<group>"; };
		8E2FC0312C970B8200074366 /* SortedBagIterator.cpp */ = {isa = PBXFileReference; fileEncoding = 4; lastKnownFileType = sourcecode.cpp.cpp; path = SortedBagIterator.cpp; sourceTree = "<group>"; };
		8E2FC0322C970B8200074366 /* ExtendedTest.h */ = {isa = PBXFileReference; fileEncoding = 4; lastKnownFileType = sourcecode.c.h; path = ExtendedTest.h; sourceTree = "<group>"; };
		8E2FC0332C970B8200074366 /* SortedBag.cpp */ = {isa = PBXFileReference; fileEncoding = 4; lastKnownFileType = sourcecode.cpp.cpp; path = SortedBag.cpp; sourceTree = "<group>"; };
		8E2FC0342C970B8200074366 /* App.cpp */ = {isa = PBXFileReference; fileEncoding = 4; lastKnownFileType = sourcecode.cpp.cpp; path = App.cpp; sourceTree = "<group>"; };
		8E2FC03B2C974D5B00074366 /* temp.cpp */ = {isa = PBXFileReference; lastKnownFileType = sourcecode.cpp.cpp; path = temp.cpp; sourceTree = "<group>"; };
/* End PBXFileReference section */

/* Begin PBXFrameworksBuildPhase section */
		8E2FC01E2C970B5500074366 /* Frameworks */ = {
			isa = PBXFrameworksBuildPhase;
			buildActionMask = 2147483647;
			files = (
			);
			runOnlyForDeploymentPostprocessing = 0;
		};
/* End PBXFrameworksBuildPhase section */

/* Begin PBXGroup section */
		8E2FC0182C970B5500074366 = {
			isa = PBXGroup;
			children = (
				8E2FC0232C970B5500074366 /* Lab2-SortedBag-SLL */,
				8E2FC0222C970B5500074366 /* Products */,
			);
			sourceTree = "<group>";
		};
		8E2FC0222C970B5500074366 /* Products */ = {
			isa = PBXGroup;
			children = (
				8E2FC0212C970B5500074366 /* Lab2-SortedBag-SLL */,
			);
			name = Products;
			sourceTree = "<group>";
		};
		8E2FC0232C970B5500074366 /* Lab2-SortedBag-SLL */ = {
			isa = PBXGroup;
			children = (
				8E2FC0342C970B8200074366 /* App.cpp */,
				8E2FC02B2C970B8200074366 /* ExtendedTest.cpp */,
				8E2FC0322C970B8200074366 /* ExtendedTest.h */,
				8E2FC02E2C970B8200074366 /* ShortTest.cpp */,
				8E2FC02D2C970B8200074366 /* ShortTest.h */,
				8E2FC0332C970B8200074366 /* SortedBag.cpp */,
				8E2FC0302C970B8200074366 /* SortedBag.h */,
				8E2FC0312C970B8200074366 /* SortedBagIterator.cpp */,
				8E2FC02F2C970B8200074366 /* SortedBagIterator.h */,
				8E2FC03B2C974D5B00074366 /* temp.cpp */,
			);
			path = "Lab2-SortedBag-SLL";
			sourceTree = "<group>";
		};
/* End PBXGroup section */

/* Begin PBXNativeTarget section */
		8E2FC0202C970B5500074366 /* Lab2-SortedBag-SLL */ = {
			isa = PBXNativeTarget;
			buildConfigurationList = 8E2FC0282C970B5500074366 /* Build configuration list for PBXNativeTarget "Lab2-SortedBag-SLL" */;
			buildPhases = (
				8E2FC01D2C970B5500074366 /* Sources */,
				8E2FC01E2C970B5500074366 /* Frameworks */,
				8E2FC01F2C970B5500074366 /* CopyFiles */,
			);
			buildRules = (
			);
			dependencies = (
			);
			name = "Lab2-SortedBag-SLL";
			productName = "Lab2-SortedBag-SLL";
			productReference = 8E2FC0212C970B5500074366 /* Lab2-SortedBag-SLL */;
			productType = "com.apple.product-type.tool";
		};
/* End PBXNativeTarget section */

/* Begin PBXProject section */
		8E2FC0192C970B5500074366 /* Project object */ = {
			isa = PBXProject;
			attributes = {
				BuildIndependentTargetsInParallel = 1;
				LastUpgradeCheck = 1530;
				TargetAttributes = {
					8E2FC0202C970B5500074366 = {
						CreatedOnToolsVersion = 15.3;
					};
				};
			};
			buildConfigurationList = 8E2FC01C2C970B5500074366 /* Build configuration list for PBXProject "Lab2-SortedBag-SLL" */;
			compatibilityVersion = "Xcode 14.0";
			developmentRegion = en;
			hasScannedForEncodings = 0;
			knownRegions = (
				en,
				Base,
			);
			mainGroup = 8E2FC0182C970B5500074366;
			productRefGroup = 8E2FC0222C970B5500074366 /* Products */;
			projectDirPath = "";
			projectRoot = "";
			targets = (
				8E2FC0202C970B5500074366 /* Lab2-SortedBag-SLL */,
			);
		};
/* End PBXProject section */

/* Begin PBXSourcesBuildPhase section */
		8E2FC01D2C970B5500074366 /* Sources */ = {
			isa = PBXSourcesBuildPhase;
			buildActionMask = 2147483647;
			files = (
				8E2FC0392C970B8200074366 /* SortedBag.cpp in Sources */,
				8E2FC03C2C974D5B00074366 /* temp.cpp in Sources */,
				8E2FC0372C970B8200074366 /* ShortTest.cpp in Sources */,
				8E2FC03A2C970B8200074366 /* App.cpp in Sources */,
				8E2FC0352C970B8200074366 /* ExtendedTest.cpp in Sources */,
				8E2FC0382C970B8200074366 /* SortedBagIterator.cpp in Sources */,
			);
			runOnlyForDeploymentPostprocessing = 0;
		};
/* End PBXSourcesBuildPhase section */

/* Begin XCBuildConfiguration section */
		8E2FC0262C970B5500074366 /* Debug */ = {
			isa = XCBuildConfiguration;
			buildSettings = {
				ALWAYS_SEARCH_USER_PATHS = NO;
				ASSETCATALOG_COMPILER_GENERATE_SWIFT_ASSET_SYMBOL_EXTENSIONS = YES;
				CLANG_ANALYZER_NONNULL = YES;
				CLANG_ANALYZER_NUMBER_OBJECT_CONVERSION = YES_AGGRESSIVE;
				CLANG_CXX_LANGUAGE_STANDARD = "gnu++20";
				CLANG_ENABLE_MODULES = YES;
				CLANG_ENABLE_OBJC_ARC = YES;
				CLANG_ENABLE_OBJC_WEAK = YES;
				CLANG_WARN_BLOCK_CAPTURE_AUTORELEASING = YES;
				CLANG_WARN_BOOL_CONVERSION = YES;
				CLANG_WARN_COMMA = YES;
				CLANG_WARN_CONSTANT_CONVERSION = YES;
				CLANG_WARN_DEPRECATED_OBJC_IMPLEMENTATIONS = YES;
				CLANG_WARN_DIRECT_OBJC_ISA_USAGE = YES_ERROR;
				CLANG_WARN_DOCUMENTATION_COMMENTS = YES;
				CLANG_WARN_EMPTY_BODY = YES;
				CLANG_WARN_ENUM_CONVERSION = YES;
				CLANG_WARN_INFINITE_RECURSION = YES;
				CLANG_WARN_INT_CONVERSION = YES;
				CLANG_WARN_NON_LITERAL_NULL_CONVERSION = YES;
				CLANG_WARN_OBJC_IMPLICIT_RETAIN_SELF = YES;
				CLANG_WARN_OBJC_LITERAL_CONVERSION = YES;
				CLANG_WARN_OBJC_ROOT_CLASS = YES_ERROR;
				CLANG_WARN_QUOTED_INCLUDE_IN_FRAMEWORK_HEADER = YES;
				CLANG_WARN_RANGE_LOOP_ANALYSIS = YES;
				CLANG_WARN_STRICT_PROTOTYPES = YES;
				CLANG_WARN_SUSPICIOUS_MOVE = YES;
				CLANG_WARN_UNGUARDED_AVAILABILITY = YES_AGGRESSIVE;
				CLANG_WARN_UNREACHABLE_CODE = YES;
				CLANG_WARN__DUPLICATE_METHOD_MATCH = YES;
				COPY_PHASE_STRIP = NO;
				DEBUG_INFORMATION_FORMAT = dwarf;
				ENABLE_STRICT_OBJC_MSGSEND = YES;
				ENABLE_TESTABILITY = YES;
				ENABLE_USER_SCRIPT_SANDBOXING = YES;
				GCC_C_LANGUAGE_STANDARD = gnu17;
				GCC_DYNAMIC_NO_PIC = NO;
				GCC_NO_COMMON_BLOCKS = YES;
				GCC_OPTIMIZATION_LEVEL = 0;
				GCC_PREPROCESSOR_DEFINITIONS = (
					"DEBUG=1",
					"$(inherited)",
				);
				GCC_WARN_64_TO_32_BIT_CONVERSION = YES;
				GCC_WARN_ABOUT_RETURN_TYPE = YES_ERROR;
				GCC_WARN_UNDECLARED_SELECTOR = YES;
				GCC_WARN_UNINITIALIZED_AUTOS = YES_AGGRESSIVE;
				GCC_WARN_UNUSED_FUNCTION = YES;
				GCC_WARN_UNUSED_VARIABLE = YES;
				LOCALIZATION_PREFERS_STRING_CATALOGS = YES;
				MACOSX_DEPLOYMENT_TARGET = 14.4;
				MTL_ENABLE_DEBUG_INFO = INCLUDE_SOURCE;
				MTL_FAST_MATH = YES;
				ONLY_ACTIVE_ARCH = YES;
				SDKROOT = macosx;
			};
			name = Debug;
		};
		8E2FC0272C970B5500074366 /* Release */ = {
			isa = XCBuildConfiguration;
			buildSettings = {
				ALWAYS_SEARCH_USER_PATHS = NO;
				ASSETCATALOG_COMPILER_GENERATE_SWIFT_ASSET_SYMBOL_EXTENSIONS = YES;
				CLANG_ANALYZER_NONNULL = YES;
				CLANG_ANALYZER_NUMBER_OBJECT_CONVERSION = YES_AGGRESSIVE;
				CLANG_CXX_LANGUAGE_STANDARD = "gnu++20";
				CLANG_ENABLE_MODULES = YES;
				CLANG_ENABLE_OBJC_ARC = YES;
				CLANG_ENABLE_OBJC_WEAK = YES;
				CLANG_WARN_BLOCK_CAPTURE_AUTORELEASING = YES;
				CLANG_WARN_BOOL_CONVERSION = YES;
				CLANG_WARN_COMMA = YES;
				CLANG_WARN_CONSTANT_CONVERSION = YES;
				CLANG_WARN_DEPRECATED_OBJC_IMPLEMENTATIONS = YES;
				CLANG_WARN_DIRECT_OBJC_ISA_USAGE = YES_ERROR;
				CLANG_WARN_DOCUMENTATION_COMMENTS = YES;
				CLANG_WARN_EMPTY_BODY = YES;
				CLANG_WARN_ENUM_CONVERSION = YES;
				CLANG_WARN_INFINITE_RECURSION = YES;
				CLANG_WARN_INT_CONVERSION = YES;
				CLANG_WARN_NON_LITERAL_NULL_CONVERSION = YES;
				CLANG_WARN_OBJC_IMPLICIT_RETAIN_SELF = YES;
				CLANG_WARN_OBJC_LITERAL_CONVERSION = YES;
				CLANG_WARN_OBJC_ROOT_CLASS = YES_ERROR;
				CLANG_WARN_QUOTED_INCLUDE_IN_FRAMEWORK_HEADER = YES;
				CLANG_WARN_RANGE_LOOP_ANALYSIS = YES;
				CLANG_WARN_STRICT_PROTOTYPES = YES;
				CLANG_WARN_SUSPICIOUS_MOVE = YES;
				CLANG_WARN_UNGUARDED_AVAILABILITY = YES_AGGRESSIVE;
				CLANG_WARN_UNREACHABLE_CODE = YES;
				CLANG_WARN__DUPLICATE_METHOD_MATCH = YES;
				COPY_PHASE_STRIP = NO;
				DEBUG_INFORMATION_FORMAT = "dwarf-with-dsym";
				ENABLE_NS_ASSERTIONS = NO;
				ENABLE_STRICT_OBJC_MSGSEND = YES;
				ENABLE_USER_SCRIPT_SANDBOXING = YES;
				GCC_C_LANGUAGE_STANDARD = gnu17;
				GCC_NO_COMMON_BLOCKS = YES;
				GCC_WARN_64_TO_32_BIT_CONVERSION = YES;
				GCC_WARN_ABOUT_RETURN_TYPE = YES_ERROR;
				GCC_WARN_UNDECLARED_SELECTOR = YES;
				GCC_WARN_UNINITIALIZED_AUTOS = YES_AGGRESSIVE;
				GCC_WARN_UNUSED_FUNCTION = YES;
				GCC_WARN_UNUSED_VARIABLE = YES;
				LOCALIZATION_PREFERS_STRING_CATALOGS = YES;
				MACOSX_DEPLOYMENT_TARGET = 14.4;
				MTL_ENABLE_DEBUG_INFO = NO;
				MTL_FAST_MATH = YES;
				SDKROOT = macosx;
			};
			name = Release;
		};
		8E2FC0292C970B5500074366 /* Debug */ = {
			isa = XCBuildConfiguration;
			buildSettings = {
				CODE_SIGN_STYLE = Automatic;
				PRODUCT_NAME = "$(TARGET_NAME)";
			};
			name = Debug;
		};
		8E2FC02A2C970B5500074366 /* Release */ = {
			isa = XCBuildConfiguration;
			buildSettings = {
				CODE_SIGN_STYLE = Automatic;
				PRODUCT_NAME = "$(TARGET_NAME)";
			};
			name = Release;
		};
/* End XCBuildConfiguration section */

/* Begin XCConfigurationList section */
		8E2FC01C2C970B5500074366 /* Build configuration list for PBXProject "Lab2-SortedBag-SLL" */ = {
			isa = XCConfigurationList;
			buildConfigurations = (
				8E2FC0262C970B5500074366 /* Debug */,
				8E2FC0272C970B5500074366 /* Release */,
			);
			defaultConfigurationIsVisible = 0;
			defaultConfigurationName = Release;
		};
		8E2FC0282C970B5500074366 /* Build configuration list for PBXNativeTarget "Lab2-SortedBag-SLL" */ = {
			isa = XCConfigurationList;
			buildConfigurations = (
				8E2FC0292C970B5500074366 /* Debug */,
				8E2FC02A2C970B5500074366 /* Release */,
			);
			defaultConfigurationIsVisible = 0;
			defaultConfigurationName = Release;
		};
/* End XCConfigurationList section */
	};
	rootObject = 8E2FC0192C970B5500074366 /* Project object */;
}
